
Microsoft Visual Studio Solution File, Format Version 12.00
# Visual Studio Version 17
VisualStudioVersion = 17.0.31903.59
MinimumVisualStudioVersion = 10.0.40219.1
Project("{FAE04EC0-301F-11D3-BF4B-00C04F79EFBC}") = "API", "API\API.csproj", "{C78D2655-F5FB-438A-8C3D-8A5A4E14E835}"
EndProject
Project("{FAE04EC0-301F-11D3-BF4B-00C04F79EFBC}") = "Core", "Core\Core.csproj", "{9188FDE2-0CC8-4961-B1C0-2A244D54C2BB}"
EndProject
Project("{FAE04EC0-301F-11D3-BF4B-00C04F79EFBC}") = "Infrastructure", "Infrastructure\Infrastructure.csproj", "{DC76ED5B-EFEC-4A6F-888F-F61A7C01029F}"
EndProject
Global
	GlobalSection(SolutionConfigurationPlatforms) = preSolution
		Debug|Any CPU = Debug|Any CPU
		Release|Any CPU = Release|Any CPU
	EndGlobalSection
	GlobalSection(SolutionProperties) = preSolution
		HideSolutionNode = FALSE
	EndGlobalSection
	GlobalSection(ProjectConfigurationPlatforms) = postSolution
		{C78D2655-F5FB-438A-8C3D-8A5A4E14E835}.Debug|Any CPU.ActiveCfg = Debug|Any CPU
		{C78D2655-F5FB-438A-8C3D-8A5A4E14E835}.Debug|Any CPU.Build.0 = Debug|Any CPU
		{C78D2655-F5FB-438A-8C3D-8A5A4E14E835}.Release|Any CPU.ActiveCfg = Release|Any CPU
		{C78D2655-F5FB-438A-8C3D-8A5A4E14E835}.Release|Any CPU.Build.0 = Release|Any CPU
		{9188FDE2-0CC8-4961-B1C0-2A244D54C2BB}.Debug|Any CPU.ActiveCfg = Debug|Any CPU
		{9188FDE2-0CC8-4961-B1C0-2A244D54C2BB}.Debug|Any CPU.Build.0 = Debug|Any CPU
		{9188FDE2-0CC8-4961-B1C0-2A244D54C2BB}.Release|Any CPU.ActiveCfg = Release|Any CPU
		{9188FDE2-0CC8-4961-B1C0-2A244D54C2BB}.Release|Any CPU.Build.0 = Release|Any CPU
		{DC76ED5B-EFEC-4A6F-888F-F61A7C01029F}.Debug|Any CPU.ActiveCfg = Debug|Any CPU
		{DC76ED5B-EFEC-4A6F-888F-F61A7C01029F}.Debug|Any CPU.Build.0 = Debug|Any CPU
		{DC76ED5B-EFEC-4A6F-888F-F61A7C01029F}.Release|Any CPU.ActiveCfg = Release|Any CPU
		{DC76ED5B-EFEC-4A6F-888F-F61A7C01029F}.Release|Any CPU.Build.0 = Release|Any CPU
	EndGlobalSection
EndGlobal
